// !$*UTF8*$!
{
	archiveVersion = 1;
	classes = {
	};
	objectVersion = 46;
	objects = {

/* Begin PBXBuildFile section */
		65BD352A5F9A8CB3FCBEF8AE /* Pods_ChatAppUITests.framework in Frameworks */ = {isa = PBXBuildFile; fileRef = 7806C1FEF68FB1A5E89A8297 /* Pods_ChatAppUITests.framework */; };
		72C5F8D650E5F7F7E29CD007 /* Pods_ChatAppTests.framework in Frameworks */ = {isa = PBXBuildFile; fileRef = FA0A8024375DCE22688947E8 /* Pods_ChatAppTests.framework */; };
		AB1E98111F60249600507940 /* GoogleService-Info.plist in Resources */ = {isa = PBXBuildFile; fileRef = AB1E98101F60249600507940 /* GoogleService-Info.plist */; };
		AB1E98171F61000C00507940 /* RegistrationVC.swift in Sources */ = {isa = PBXBuildFile; fileRef = AB1E98161F61000C00507940 /* RegistrationVC.swift */; };
		AB1E98191F6101E400507940 /* Login.swift in Sources */ = {isa = PBXBuildFile; fileRef = AB1E98181F6101E400507940 /* Login.swift */; };
		AB1E981B1F61097900507940 /* login-button-png-15.png in Resources */ = {isa = PBXBuildFile; fileRef = AB1E981A1F61097900507940 /* login-button-png-15.png */; };
		AB1E981D1F61097E00507940 /* Sign-Up-Button-Transparent-PNG.png in Resources */ = {isa = PBXBuildFile; fileRef = AB1E981C1F61097E00507940 /* Sign-Up-Button-Transparent-PNG.png */; };
		AB1E98211F62665200507940 /* ChatWindowVC.swift in Sources */ = {isa = PBXBuildFile; fileRef = AB1E98201F62665200507940 /* ChatWindowVC.swift */; };
		AB1E98231F62CCEA00507940 /* login-button-png-21.png in Resources */ = {isa = PBXBuildFile; fileRef = AB1E98221F62CCEA00507940 /* login-button-png-21.png */; };
		AB1E98251F62CD6400507940 /* login-button-png-30.png in Resources */ = {isa = PBXBuildFile; fileRef = AB1E98241F62CD6400507940 /* login-button-png-30.png */; };
		AB1E98271F62CDDB00507940 /* Login-icon.png in Resources */ = {isa = PBXBuildFile; fileRef = AB1E98261F62CDDB00507940 /* Login-icon.png */; };
		AB9B41181F57D745007EB5DF /* AppDelegate.swift in Sources */ = {isa = PBXBuildFile; fileRef = AB9B41171F57D745007EB5DF /* AppDelegate.swift */; };
		AB9B411A1F57D745007EB5DF /* ViewController.swift in Sources */ = {isa = PBXBuildFile; fileRef = AB9B41191F57D745007EB5DF /* ViewController.swift */; };
		AB9B411D1F57D745007EB5DF /* Main.storyboard in Resources */ = {isa = PBXBuildFile; fileRef = AB9B411B1F57D745007EB5DF /* Main.storyboard */; };
		AB9B411F1F57D745007EB5DF /* Assets.xcassets in Resources */ = {isa = PBXBuildFile; fileRef = AB9B411E1F57D745007EB5DF /* Assets.xcassets */; };
		AB9B41221F57D745007EB5DF /* LaunchScreen.storyboard in Resources */ = {isa = PBXBuildFile; fileRef = AB9B41201F57D745007EB5DF /* LaunchScreen.storyboard */; };
		AB9B412D1F57D745007EB5DF /* ChatAppTests.swift in Sources */ = {isa = PBXBuildFile; fileRef = AB9B412C1F57D745007EB5DF /* ChatAppTests.swift */; };
		AB9B41381F57D745007EB5DF /* ChatAppUITests.swift in Sources */ = {isa = PBXBuildFile; fileRef = AB9B41371F57D745007EB5DF /* ChatAppUITests.swift */; };
		AB9B41481F57D852007EB5DF /* IJProgressView.swift in Sources */ = {isa = PBXBuildFile; fileRef = AB9B41471F57D852007EB5DF /* IJProgressView.swift */; };
		AB9B414A1F57D89D007EB5DF /* LoginVC.swift in Sources */ = {isa = PBXBuildFile; fileRef = AB9B41491F57D89D007EB5DF /* LoginVC.swift */; };
		ABBAEF1F1F5D0AD10031C961 /* RegistrationCell.swift in Sources */ = {isa = PBXBuildFile; fileRef = ABBAEF1E1F5D0AD10031C961 /* RegistrationCell.swift */; };
		ABBAEF251F5D10F90031C961 /* ListOfUsersVC.swift in Sources */ = {isa = PBXBuildFile; fileRef = ABBAEF241F5D10F90031C961 /* ListOfUsersVC.swift */; };
		B9B94FE42635E6117954CA83 /* Pods_ChatApp.framework in Frameworks */ = {isa = PBXBuildFile; fileRef = 303FA96B30FE96A14C94E50F /* Pods_ChatApp.framework */; settings = {ATTRIBUTES = (Required, ); }; };
/* End PBXBuildFile section */

/* Begin PBXContainerItemProxy section */
		AB9B41291F57D745007EB5DF /* PBXContainerItemProxy */ = {
			isa = PBXContainerItemProxy;
			containerPortal = AB9B410C1F57D745007EB5DF /* Project object */;
			proxyType = 1;
			remoteGlobalIDString = AB9B41131F57D745007EB5DF;
			remoteInfo = ChatApp;
		};
		AB9B41341F57D745007EB5DF /* PBXContainerItemProxy */ = {
			isa = PBXContainerItemProxy;
			containerPortal = AB9B410C1F57D745007EB5DF /* Project object */;
			proxyType = 1;
			remoteGlobalIDString = AB9B41131F57D745007EB5DF;
			remoteInfo = ChatApp;
		};
/* End PBXContainerItemProxy section */

/* Begin PBXFileReference section */
		303FA96B30FE96A14C94E50F /* Pods_ChatApp.framework */ = {isa = PBXFileReference; explicitFileType = wrapper.framework; includeInIndex = 0; path = Pods_ChatApp.framework; sourceTree = BUILT_PRODUCTS_DIR; };
		35B6F2675F9A0A820450D317 /* Pods-ChatAppUITests.debug.xcconfig */ = {isa = PBXFileReference; includeInIndex = 1; lastKnownFileType = text.xcconfig; name = "Pods-ChatAppUITests.debug.xcconfig"; path = "Pods/Target Support Files/Pods-ChatAppUITests/Pods-ChatAppUITests.debug.xcconfig"; sourceTree = "<group>"; };
		37CBF27B982E77FB8F823F56 /* Pods-ChatAppTests.release.xcconfig */ = {isa = PBXFileReference; includeInIndex = 1; lastKnownFileType = text.xcconfig; name = "Pods-ChatAppTests.release.xcconfig"; path = "Pods/Target Support Files/Pods-ChatAppTests/Pods-ChatAppTests.release.xcconfig"; sourceTree = "<group>"; };
		7806C1FEF68FB1A5E89A8297 /* Pods_ChatAppUITests.framework */ = {isa = PBXFileReference; explicitFileType = wrapper.framework; includeInIndex = 0; path = Pods_ChatAppUITests.framework; sourceTree = BUILT_PRODUCTS_DIR; };
		99452CF01D6B7B5BE19DB46C /* Pods-ChatApp.release.xcconfig */ = {isa = PBXFileReference; includeInIndex = 1; lastKnownFileType = text.xcconfig; name = "Pods-ChatApp.release.xcconfig"; path = "Pods/Target Support Files/Pods-ChatApp/Pods-ChatApp.release.xcconfig"; sourceTree = "<group>"; };
		9C42BA8A97A047831B545770 /* Pods-ChatAppUITests.release.xcconfig */ = {isa = PBXFileReference; includeInIndex = 1; lastKnownFileType = text.xcconfig; name = "Pods-ChatAppUITests.release.xcconfig"; path = "Pods/Target Support Files/Pods-ChatAppUITests/Pods-ChatAppUITests.release.xcconfig"; sourceTree = "<group>"; };
		AB1E98101F60249600507940 /* GoogleService-Info.plist */ = {isa = PBXFileReference; fileEncoding = 4; lastKnownFileType = text.plist.xml; name = "GoogleService-Info.plist"; path = "/Users/venu/Desktop/../Downloads/GoogleService-Info.plist"; sourceTree = "<absolute>"; };
		AB1E98161F61000C00507940 /* RegistrationVC.swift */ = {isa = PBXFileReference; fileEncoding = 4; lastKnownFileType = sourcecode.swift; path = RegistrationVC.swift; sourceTree = "<group>"; };
		AB1E98181F6101E400507940 /* Login.swift */ = {isa = PBXFileReference; fileEncoding = 4; lastKnownFileType = sourcecode.swift; path = Login.swift; sourceTree = "<group>"; };
		AB1E981A1F61097900507940 /* login-button-png-15.png */ = {isa = PBXFileReference; lastKnownFileType = image.png; name = "login-button-png-15.png"; path = "../../login-button-png-15.png"; sourceTree = "<group>"; };
		AB1E981C1F61097E00507940 /* Sign-Up-Button-Transparent-PNG.png */ = {isa = PBXFileReference; lastKnownFileType = image.png; name = "Sign-Up-Button-Transparent-PNG.png"; path = "../../Sign-Up-Button-Transparent-PNG.png"; sourceTree = "<group>"; };
		AB1E98201F62665200507940 /* ChatWindowVC.swift */ = {isa = PBXFileReference; fileEncoding = 4; lastKnownFileType = sourcecode.swift; path = ChatWindowVC.swift; sourceTree = "<group>"; };
		AB1E98221F62CCEA00507940 /* login-button-png-21.png */ = {isa = PBXFileReference; lastKnownFileType = image.png; name = "login-button-png-21.png"; path = "../../../Downloads/login-button-png-21.png"; sourceTree = "<group>"; };
		AB1E98241F62CD6400507940 /* login-button-png-30.png */ = {isa = PBXFileReference; lastKnownFileType = image.png; name = "login-button-png-30.png"; path = "../../../Downloads/login-button-png-30.png"; sourceTree = "<group>"; };
		AB1E98261F62CDDB00507940 /* Login-icon.png */ = {isa = PBXFileReference; lastKnownFileType = image.png; name = "Login-icon.png"; path = "../../../Downloads/Login-icon.png"; sourceTree = "<group>"; };
		AB9B41141F57D745007EB5DF /* ChatApp.app */ = {isa = PBXFileReference; explicitFileType = wrapper.application; includeInIndex = 0; path = ChatApp.app; sourceTree = BUILT_PRODUCTS_DIR; };
		AB9B41171F57D745007EB5DF /* AppDelegate.swift */ = {isa = PBXFileReference; lastKnownFileType = sourcecode.swift; path = AppDelegate.swift; sourceTree = "<group>"; };
		AB9B41191F57D745007EB5DF /* ViewController.swift */ = {isa = PBXFileReference; lastKnownFileType = sourcecode.swift; path = ViewController.swift; sourceTree = "<group>"; };
		AB9B411C1F57D745007EB5DF /* Base */ = {isa = PBXFileReference; lastKnownFileType = file.storyboard; name = Base; path = Base.lproj/Main.storyboard; sourceTree = "<group>"; };
		AB9B411E1F57D745007EB5DF /* Assets.xcassets */ = {isa = PBXFileReference; lastKnownFileType = folder.assetcatalog; path = Assets.xcassets; sourceTree = "<group>"; };
		AB9B41211F57D745007EB5DF /* Base */ = {isa = PBXFileReference; lastKnownFileType = file.storyboard; name = Base; path = Base.lproj/LaunchScreen.storyboard; sourceTree = "<group>"; };
		AB9B41231F57D745007EB5DF /* Info.plist */ = {isa = PBXFileReference; lastKnownFileType = text.plist.xml; path = Info.plist; sourceTree = "<group>"; };
		AB9B41281F57D745007EB5DF /* ChatAppTests.xctest */ = {isa = PBXFileReference; explicitFileType = wrapper.cfbundle; includeInIndex = 0; path = ChatAppTests.xctest; sourceTree = BUILT_PRODUCTS_DIR; };
		AB9B412C1F57D745007EB5DF /* ChatAppTests.swift */ = {isa = PBXFileReference; lastKnownFileType = sourcecode.swift; path = ChatAppTests.swift; sourceTree = "<group>"; };
		AB9B412E1F57D745007EB5DF /* Info.plist */ = {isa = PBXFileReference; lastKnownFileType = text.plist.xml; path = Info.plist; sourceTree = "<group>"; };
		AB9B41331F57D745007EB5DF /* ChatAppUITests.xctest */ = {isa = PBXFileReference; explicitFileType = wrapper.cfbundle; includeInIndex = 0; path = ChatAppUITests.xctest; sourceTree = BUILT_PRODUCTS_DIR; };
		AB9B41371F57D745007EB5DF /* ChatAppUITests.swift */ = {isa = PBXFileReference; lastKnownFileType = sourcecode.swift; path = ChatAppUITests.swift; sourceTree = "<group>"; };
		AB9B41391F57D745007EB5DF /* Info.plist */ = {isa = PBXFileReference; lastKnownFileType = text.plist.xml; path = Info.plist; sourceTree = "<group>"; };
		AB9B41471F57D852007EB5DF /* IJProgressView.swift */ = {isa = PBXFileReference; fileEncoding = 4; lastKnownFileType = sourcecode.swift; path = IJProgressView.swift; sourceTree = "<group>"; };
		AB9B41491F57D89D007EB5DF /* LoginVC.swift */ = {isa = PBXFileReference; fileEncoding = 4; lastKnownFileType = sourcecode.swift; path = LoginVC.swift; sourceTree = "<group>"; };
		ABBAEF1E1F5D0AD10031C961 /* RegistrationCell.swift */ = {isa = PBXFileReference; fileEncoding = 4; lastKnownFileType = sourcecode.swift; path = RegistrationCell.swift; sourceTree = "<group>"; };
		ABBAEF241F5D10F90031C961 /* ListOfUsersVC.swift */ = {isa = PBXFileReference; fileEncoding = 4; lastKnownFileType = sourcecode.swift; path = ListOfUsersVC.swift; sourceTree = "<group>"; };
		BE0637543B97A640F6EA4D28 /* Pods-ChatApp.debug.xcconfig */ = {isa = PBXFileReference; includeInIndex = 1; lastKnownFileType = text.xcconfig; name = "Pods-ChatApp.debug.xcconfig"; path = "Pods/Target Support Files/Pods-ChatApp/Pods-ChatApp.debug.xcconfig"; sourceTree = "<group>"; };
		FA0A8024375DCE22688947E8 /* Pods_ChatAppTests.framework */ = {isa = PBXFileReference; explicitFileType = wrapper.framework; includeInIndex = 0; path = Pods_ChatAppTests.framework; sourceTree = BUILT_PRODUCTS_DIR; };
		FAF6194D35558EFBCACD9875 /* Pods-ChatAppTests.debug.xcconfig */ = {isa = PBXFileReference; includeInIndex = 1; lastKnownFileType = text.xcconfig; name = "Pods-ChatAppTests.debug.xcconfig"; path = "Pods/Target Support Files/Pods-ChatAppTests/Pods-ChatAppTests.debug.xcconfig"; sourceTree = "<group>"; };
/* End PBXFileReference section */

/* Begin PBXFrameworksBuildPhase section */
		AB9B41111F57D745007EB5DF /* Frameworks */ = {
			isa = PBXFrameworksBuildPhase;
			buildActionMask = 2147483647;
			files = (
				B9B94FE42635E6117954CA83 /* Pods_ChatApp.framework in Frameworks */,
			);
			runOnlyForDeploymentPostprocessing = 0;
		};
		AB9B41251F57D745007EB5DF /* Frameworks */ = {
			isa = PBXFrameworksBuildPhase;
			buildActionMask = 2147483647;
			files = (
				72C5F8D650E5F7F7E29CD007 /* Pods_ChatAppTests.framework in Frameworks */,
			);
			runOnlyForDeploymentPostprocessing = 0;
		};
		AB9B41301F57D745007EB5DF /* Frameworks */ = {
			isa = PBXFrameworksBuildPhase;
			buildActionMask = 2147483647;
			files = (
				65BD352A5F9A8CB3FCBEF8AE /* Pods_ChatAppUITests.framework in Frameworks */,
			);
			runOnlyForDeploymentPostprocessing = 0;
		};
/* End PBXFrameworksBuildPhase section */

/* Begin PBXGroup section */
		2D3227A5034DDD28AC01A3DB /* Frameworks */ = {
			isa = PBXGroup;
			children = (
				303FA96B30FE96A14C94E50F /* Pods_ChatApp.framework */,
				FA0A8024375DCE22688947E8 /* Pods_ChatAppTests.framework */,
				7806C1FEF68FB1A5E89A8297 /* Pods_ChatAppUITests.framework */,
			);
			name = Frameworks;
			sourceTree = "<group>";
		};
		7A1B9DA37DDCC82666BD7F22 /* Pods */ = {
			isa = PBXGroup;
			children = (
				BE0637543B97A640F6EA4D28 /* Pods-ChatApp.debug.xcconfig */,
				99452CF01D6B7B5BE19DB46C /* Pods-ChatApp.release.xcconfig */,
				FAF6194D35558EFBCACD9875 /* Pods-ChatAppTests.debug.xcconfig */,
				37CBF27B982E77FB8F823F56 /* Pods-ChatAppTests.release.xcconfig */,
				35B6F2675F9A0A820450D317 /* Pods-ChatAppUITests.debug.xcconfig */,
				9C42BA8A97A047831B545770 /* Pods-ChatAppUITests.release.xcconfig */,
			);
			name = Pods;
			sourceTree = "<group>";
		};
		AB9B410B1F57D745007EB5DF = {
			isa = PBXGroup;
			children = (
				AB9B41161F57D745007EB5DF /* ChatApp */,
				AB9B412B1F57D745007EB5DF /* ChatAppTests */,
				AB9B41361F57D745007EB5DF /* ChatAppUITests */,
				AB9B41151F57D745007EB5DF /* Products */,
				7A1B9DA37DDCC82666BD7F22 /* Pods */,
				2D3227A5034DDD28AC01A3DB /* Frameworks */,
			);
			sourceTree = "<group>";
		};
		AB9B41151F57D745007EB5DF /* Products */ = {
			isa = PBXGroup;
			children = (
				AB9B41141F57D745007EB5DF /* ChatApp.app */,
				AB9B41281F57D745007EB5DF /* ChatAppTests.xctest */,
				AB9B41331F57D745007EB5DF /* ChatAppUITests.xctest */,
			);
			name = Products;
			sourceTree = "<group>";
		};
		AB9B41161F57D745007EB5DF /* ChatApp */ = {
			isa = PBXGroup;
			children = (
				AB1E98101F60249600507940 /* GoogleService-Info.plist */,
				AB9B41171F57D745007EB5DF /* AppDelegate.swift */,
				AB1E98181F6101E400507940 /* Login.swift */,
				AB1E98201F62665200507940 /* ChatWindowVC.swift */,
				AB9B41491F57D89D007EB5DF /* LoginVC.swift */,
				ABBAEF241F5D10F90031C961 /* ListOfUsersVC.swift */,
				AB1E98161F61000C00507940 /* RegistrationVC.swift */,
				ABBAEF1E1F5D0AD10031C961 /* RegistrationCell.swift */,
				AB9B41471F57D852007EB5DF /* IJProgressView.swift */,
				AB9B41191F57D745007EB5DF /* ViewController.swift */,
				AB9B411B1F57D745007EB5DF /* Main.storyboard */,
				AB9B411E1F57D745007EB5DF /* Assets.xcassets */,
				AB1E98261F62CDDB00507940 /* Login-icon.png */,
				AB1E98241F62CD6400507940 /* login-button-png-30.png */,
				AB1E98221F62CCEA00507940 /* login-button-png-21.png */,
				AB1E981C1F61097E00507940 /* Sign-Up-Button-Transparent-PNG.png */,
				AB1E981A1F61097900507940 /* login-button-png-15.png */,
				AB9B41201F57D745007EB5DF /* LaunchScreen.storyboard */,
				AB9B41231F57D745007EB5DF /* Info.plist */,
			);
			path = ChatApp;
			sourceTree = "<group>";
		};
		AB9B412B1F57D745007EB5DF /* ChatAppTests */ = {
			isa = PBXGroup;
			children = (
				AB9B412C1F57D745007EB5DF /* ChatAppTests.swift */,
				AB9B412E1F57D745007EB5DF /* Info.plist */,
			);
			path = ChatAppTests;
			sourceTree = "<group>";
		};
		AB9B41361F57D745007EB5DF /* ChatAppUITests */ = {
			isa = PBXGroup;
			children = (
				AB9B41371F57D745007EB5DF /* ChatAppUITests.swift */,
				AB9B41391F57D745007EB5DF /* Info.plist */,
			);
			path = ChatAppUITests;
			sourceTree = "<group>";
		};
/* End PBXGroup section */

/* Begin PBXNativeTarget section */
		AB9B41131F57D745007EB5DF /* ChatApp */ = {
			isa = PBXNativeTarget;
			buildConfigurationList = AB9B413C1F57D745007EB5DF /* Build configuration list for PBXNativeTarget "ChatApp" */;
			buildPhases = (
				55F3D7E0E429AC17D4FE5ADC /* [CP] Check Pods Manifest.lock */,
				AB9B41101F57D745007EB5DF /* Sources */,
				AB9B41111F57D745007EB5DF /* Frameworks */,
				AB9B41121F57D745007EB5DF /* Resources */,
				61331EE935B48F6946C3F1A3 /* [CP] Embed Pods Frameworks */,
				DF506B0DAB3F760614974B84 /* [CP] Copy Pods Resources */,
			);
			buildRules = (
			);
			dependencies = (
			);
			name = ChatApp;
			productName = ChatApp;
			productReference = AB9B41141F57D745007EB5DF /* ChatApp.app */;
			productType = "com.apple.product-type.application";
		};
		AB9B41271F57D745007EB5DF /* ChatAppTests */ = {
			isa = PBXNativeTarget;
			buildConfigurationList = AB9B413F1F57D745007EB5DF /* Build configuration list for PBXNativeTarget "ChatAppTests" */;
			buildPhases = (
				679B548E93FC058B5801BC12 /* [CP] Check Pods Manifest.lock */,
				AB9B41241F57D745007EB5DF /* Sources */,
				AB9B41251F57D745007EB5DF /* Frameworks */,
				AB9B41261F57D745007EB5DF /* Resources */,
				3BE3BD1CCE47D527FB0E48DA /* [CP] Embed Pods Frameworks */,
				2711856D1281A7B4B5152B4E /* [CP] Copy Pods Resources */,
			);
			buildRules = (
			);
			dependencies = (
				AB9B412A1F57D745007EB5DF /* PBXTargetDependency */,
			);
			name = ChatAppTests;
			productName = ChatAppTests;
			productReference = AB9B41281F57D745007EB5DF /* ChatAppTests.xctest */;
			productType = "com.apple.product-type.bundle.unit-test";
		};
		AB9B41321F57D745007EB5DF /* ChatAppUITests */ = {
			isa = PBXNativeTarget;
			buildConfigurationList = AB9B41421F57D745007EB5DF /* Build configuration list for PBXNativeTarget "ChatAppUITests" */;
			buildPhases = (
				5053AB3D302B12FB7A1ADD1A /* [CP] Check Pods Manifest.lock */,
				AB9B412F1F57D745007EB5DF /* Sources */,
				AB9B41301F57D745007EB5DF /* Frameworks */,
				AB9B41311F57D745007EB5DF /* Resources */,
				899F2B8EA83239B913DDAB00 /* [CP] Embed Pods Frameworks */,
				4FF188985C55417ED7316061 /* [CP] Copy Pods Resources */,
			);
			buildRules = (
			);
			dependencies = (
				AB9B41351F57D745007EB5DF /* PBXTargetDependency */,
			);
			name = ChatAppUITests;
			productName = ChatAppUITests;
			productReference = AB9B41331F57D745007EB5DF /* ChatAppUITests.xctest */;
			productType = "com.apple.product-type.bundle.ui-testing";
		};
/* End PBXNativeTarget section */

/* Begin PBXProject section */
		AB9B410C1F57D745007EB5DF /* Project object */ = {
			isa = PBXProject;
			attributes = {
				LastSwiftUpdateCheck = 0830;
				LastUpgradeCheck = 0830;
				ORGANIZATIONNAME = Venugopal;
				TargetAttributes = {
					AB9B41131F57D745007EB5DF = {
						CreatedOnToolsVersion = 8.3.2;
						ProvisioningStyle = Automatic;
					};
					AB9B41271F57D745007EB5DF = {
						CreatedOnToolsVersion = 8.3.2;
						ProvisioningStyle = Automatic;
						TestTargetID = AB9B41131F57D745007EB5DF;
					};
					AB9B41321F57D745007EB5DF = {
						CreatedOnToolsVersion = 8.3.2;
						ProvisioningStyle = Automatic;
						TestTargetID = AB9B41131F57D745007EB5DF;
					};
				};
			};
			buildConfigurationList = AB9B410F1F57D745007EB5DF /* Build configuration list for PBXProject "ChatApp" */;
			compatibilityVersion = "Xcode 3.2";
			developmentRegion = English;
			hasScannedForEncodings = 0;
			knownRegions = (
				en,
				Base,
			);
			mainGroup = AB9B410B1F57D745007EB5DF;
			productRefGroup = AB9B41151F57D745007EB5DF /* Products */;
			projectDirPath = "";
			projectRoot = "";
			targets = (
				AB9B41131F57D745007EB5DF /* ChatApp */,
				AB9B41271F57D745007EB5DF /* ChatAppTests */,
				AB9B41321F57D745007EB5DF /* ChatAppUITests */,
			);
		};
/* End PBXProject section */

/* Begin PBXResourcesBuildPhase section */
		AB9B41121F57D745007EB5DF /* Resources */ = {
			isa = PBXResourcesBuildPhase;
			buildActionMask = 2147483647;
			files = (
				AB1E981D1F61097E00507940 /* Sign-Up-Button-Transparent-PNG.png in Resources */,
				AB1E98231F62CCEA00507940 /* login-button-png-21.png in Resources */,
				AB9B41221F57D745007EB5DF /* LaunchScreen.storyboard in Resources */,
				AB1E98111F60249600507940 /* GoogleService-Info.plist in Resources */,
				AB1E98271F62CDDB00507940 /* Login-icon.png in Resources */,
				AB9B411F1F57D745007EB5DF /* Assets.xcassets in Resources */,
				AB1E981B1F61097900507940 /* login-button-png-15.png in Resources */,
				AB1E98251F62CD6400507940 /* login-button-png-30.png in Resources */,
				AB9B411D1F57D745007EB5DF /* Main.storyboard in Resources */,
			);
			runOnlyForDeploymentPostprocessing = 0;
		};
		AB9B41261F57D745007EB5DF /* Resources */ = {
			isa = PBXResourcesBuildPhase;
			buildActionMask = 2147483647;
			files = (
			);
			runOnlyForDeploymentPostprocessing = 0;
		};
		AB9B41311F57D745007EB5DF /* Resources */ = {
			isa = PBXResourcesBuildPhase;
			buildActionMask = 2147483647;
			files = (
			);
			runOnlyForDeploymentPostprocessing = 0;
		};
/* End PBXResourcesBuildPhase section */

/* Begin PBXShellScriptBuildPhase section */
		2711856D1281A7B4B5152B4E /* [CP] Copy Pods Resources */ = {
			isa = PBXShellScriptBuildPhase;
			buildActionMask = 2147483647;
			files = (
			);
			inputPaths = (
			);
			name = "[CP] Copy Pods Resources";
			outputPaths = (
			);
			runOnlyForDeploymentPostprocessing = 0;
			shellPath = /bin/sh;
			shellScript = "\"${SRCROOT}/Pods/Target Support Files/Pods-ChatAppTests/Pods-ChatAppTests-resources.sh\"\n";
			showEnvVarsInLog = 0;
		};
		3BE3BD1CCE47D527FB0E48DA /* [CP] Embed Pods Frameworks */ = {
			isa = PBXShellScriptBuildPhase;
			buildActionMask = 2147483647;
			files = (
			);
			inputPaths = (
			);
			name = "[CP] Embed Pods Frameworks";
			outputPaths = (
			);
			runOnlyForDeploymentPostprocessing = 0;
			shellPath = /bin/sh;
			shellScript = "\"${SRCROOT}/Pods/Target Support Files/Pods-ChatAppTests/Pods-ChatAppTests-frameworks.sh\"\n";
			showEnvVarsInLog = 0;
		};
		4FF188985C55417ED7316061 /* [CP] Copy Pods Resources */ = {
			isa = PBXShellScriptBuildPhase;
			buildActionMask = 2147483647;
			files = (
			);
			inputPaths = (
			);
			name = "[CP] Copy Pods Resources";
			outputPaths = (
			);
			runOnlyForDeploymentPostprocessing = 0;
			shellPath = /bin/sh;
			shellScript = "\"${SRCROOT}/Pods/Target Support Files/Pods-ChatAppUITests/Pods-ChatAppUITests-resources.sh\"\n";
			showEnvVarsInLog = 0;
		};
		5053AB3D302B12FB7A1ADD1A /* [CP] Check Pods Manifest.lock */ = {
			isa = PBXShellScriptBuildPhase;
			buildActionMask = 2147483647;
			files = (
			);
			inputPaths = (
				"${PODS_PODFILE_DIR_PATH}/Podfile.lock",
				"${PODS_ROOT}/Manifest.lock",
			);
			name = "[CP] Check Pods Manifest.lock";
			outputPaths = (
				"$(DERIVED_FILE_DIR)/Pods-ChatAppUITests-checkManifestLockResult.txt",
			);
			runOnlyForDeploymentPostprocessing = 0;
			shellPath = /bin/sh;
			shellScript = "diff \"${PODS_PODFILE_DIR_PATH}/Podfile.lock\" \"${PODS_ROOT}/Manifest.lock\" > /dev/null\nif [ $? != 0 ] ; then\n    # print error to STDERR\n    echo \"error: The sandbox is not in sync with the Podfile.lock. Run 'pod install' or update your CocoaPods installation.\" >&2\n    exit 1\nfi\n# This output is used by Xcode 'outputs' to avoid re-running this script phase.\necho \"SUCCESS\" > \"${SCRIPT_OUTPUT_FILE_0}\"\n";
			showEnvVarsInLog = 0;
		};
		55F3D7E0E429AC17D4FE5ADC /* [CP] Check Pods Manifest.lock */ = {
			isa = PBXShellScriptBuildPhase;
			buildActionMask = 2147483647;
			files = (
			);
			inputPaths = (
				"${PODS_PODFILE_DIR_PATH}/Podfile.lock",
				"${PODS_ROOT}/Manifest.lock",
			);
			name = "[CP] Check Pods Manifest.lock";
			outputPaths = (
				"$(DERIVED_FILE_DIR)/Pods-ChatApp-checkManifestLockResult.txt",
			);
			runOnlyForDeploymentPostprocessing = 0;
			shellPath = /bin/sh;
			shellScript = "diff \"${PODS_PODFILE_DIR_PATH}/Podfile.lock\" \"${PODS_ROOT}/Manifest.lock\" > /dev/null\nif [ $? != 0 ] ; then\n    # print error to STDERR\n    echo \"error: The sandbox is not in sync with the Podfile.lock. Run 'pod install' or update your CocoaPods installation.\" >&2\n    exit 1\nfi\n# This output is used by Xcode 'outputs' to avoid re-running this script phase.\necho \"SUCCESS\" > \"${SCRIPT_OUTPUT_FILE_0}\"\n";
			showEnvVarsInLog = 0;
		};
		61331EE935B48F6946C3F1A3 /* [CP] Embed Pods Frameworks */ = {
			isa = PBXShellScriptBuildPhase;
			buildActionMask = 2147483647;
			files = (
			);
			inputPaths = (
				"${SRCROOT}/Pods/Target Support Files/Pods-ChatApp/Pods-ChatApp-frameworks.sh",
				"${BUILT_PRODUCTS_DIR}/Bolts/Bolts.framework",
				"${BUILT_PRODUCTS_DIR}/FBSDKCoreKit/FBSDKCoreKit.framework",
				"${BUILT_PRODUCTS_DIR}/FBSDKLoginKit/FBSDKLoginKit.framework",
				"${BUILT_PRODUCTS_DIR}/FacebookCore/FacebookCore.framework",
				"${BUILT_PRODUCTS_DIR}/FacebookLogin/FacebookLogin.framework",
				"${BUILT_PRODUCTS_DIR}/GTMSessionFetcher/GTMSessionFetcher.framework",
				"${BUILT_PRODUCTS_DIR}/GoogleToolboxForMac/GoogleToolboxForMac.framework",
				"${BUILT_PRODUCTS_DIR}/JSQMessagesViewController/JSQMessagesViewController.framework",
				"${BUILT_PRODUCTS_DIR}/JSQSystemSoundPlayer/JSQSystemSoundPlayer.framework",
				"${BUILT_PRODUCTS_DIR}/Protobuf/Protobuf.framework",
				"${BUILT_PRODUCTS_DIR}/leveldb-library/leveldb.framework",
				"${BUILT_PRODUCTS_DIR}/nanopb/nanopb.framework",
			);
			name = "[CP] Embed Pods Frameworks";
			outputPaths = (
				"${TARGET_BUILD_DIR}/${FRAMEWORKS_FOLDER_PATH}/Bolts.framework",
				"${TARGET_BUILD_DIR}/${FRAMEWORKS_FOLDER_PATH}/FBSDKCoreKit.framework",
				"${TARGET_BUILD_DIR}/${FRAMEWORKS_FOLDER_PATH}/FBSDKLoginKit.framework",
				"${TARGET_BUILD_DIR}/${FRAMEWORKS_FOLDER_PATH}/FacebookCore.framework",
				"${TARGET_BUILD_DIR}/${FRAMEWORKS_FOLDER_PATH}/FacebookLogin.framework",
				"${TARGET_BUILD_DIR}/${FRAMEWORKS_FOLDER_PATH}/GTMSessionFetcher.framework",
				"${TARGET_BUILD_DIR}/${FRAMEWORKS_FOLDER_PATH}/GoogleToolboxForMac.framework",
				"${TARGET_BUILD_DIR}/${FRAMEWORKS_FOLDER_PATH}/JSQMessagesViewController.framework",
				"${TARGET_BUILD_DIR}/${FRAMEWORKS_FOLDER_PATH}/JSQSystemSoundPlayer.framework",
				"${TARGET_BUILD_DIR}/${FRAMEWORKS_FOLDER_PATH}/Protobuf.framework",
				"${TARGET_BUILD_DIR}/${FRAMEWORKS_FOLDER_PATH}/leveldb.framework",
				"${TARGET_BUILD_DIR}/${FRAMEWORKS_FOLDER_PATH}/nanopb.framework",
			);
			runOnlyForDeploymentPostprocessing = 0;
			shellPath = /bin/sh;
			shellScript = "\"${SRCROOT}/Pods/Target Support Files/Pods-ChatApp/Pods-ChatApp-frameworks.sh\"\n";
			showEnvVarsInLog = 0;
		};
		679B548E93FC058B5801BC12 /* [CP] Check Pods Manifest.lock */ = {
			isa = PBXShellScriptBuildPhase;
			buildActionMask = 2147483647;
			files = (
			);
			inputPaths = (
				"${PODS_PODFILE_DIR_PATH}/Podfile.lock",
				"${PODS_ROOT}/Manifest.lock",
			);
			name = "[CP] Check Pods Manifest.lock";
			outputPaths = (
				"$(DERIVED_FILE_DIR)/Pods-ChatAppTests-checkManifestLockResult.txt",
			);
			runOnlyForDeploymentPostprocessing = 0;
			shellPath = /bin/sh;
			shellScript = "diff \"${PODS_PODFILE_DIR_PATH}/Podfile.lock\" \"${PODS_ROOT}/Manifest.lock\" > /dev/null\nif [ $? != 0 ] ; then\n    # print error to STDERR\n    echo \"error: The sandbox is not in sync with the Podfile.lock. Run 'pod install' or update your CocoaPods installation.\" >&2\n    exit 1\nfi\n# This output is used by Xcode 'outputs' to avoid re-running this script phase.\necho \"SUCCESS\" > \"${SCRIPT_OUTPUT_FILE_0}\"\n";
			showEnvVarsInLog = 0;
		};
		899F2B8EA83239B913DDAB00 /* [CP] Embed Pods Frameworks */ = {
			isa = PBXShellScriptBuildPhase;
			buildActionMask = 2147483647;
			files = (
			);
			inputPaths = (
			);
			name = "[CP] Embed Pods Frameworks";
			outputPaths = (
			);
			runOnlyForDeploymentPostprocessing = 0;
			shellPath = /bin/sh;
			shellScript = "\"${SRCROOT}/Pods/Target Support Files/Pods-ChatAppUITests/Pods-ChatAppUITests-frameworks.sh\"\n";
			showEnvVarsInLog = 0;
		};
		DF506B0DAB3F760614974B84 /* [CP] Copy Pods Resources */ = {
			isa = PBXShellScriptBuildPhase;
			buildActionMask = 2147483647;
			files = (
			);
			inputPaths = (
			);
			name = "[CP] Copy Pods Resources";
			outputPaths = (
			);
			runOnlyForDeploymentPostprocessing = 0;
			shellPath = /bin/sh;
			shellScript = "\"${SRCROOT}/Pods/Target Support Files/Pods-ChatApp/Pods-ChatApp-resources.sh\"\n";
			showEnvVarsInLog = 0;
		};
/* End PBXShellScriptBuildPhase section */

/* Begin PBXSourcesBuildPhase section */
		AB9B41101F57D745007EB5DF /* Sources */ = {
			isa = PBXSourcesBuildPhase;
			buildActionMask = 2147483647;
			files = (
				ABBAEF1F1F5D0AD10031C961 /* RegistrationCell.swift in Sources */,
				AB9B41481F57D852007EB5DF /* IJProgressView.swift in Sources */,
				ABBAEF251F5D10F90031C961 /* ListOfUsersVC.swift in Sources */,
				AB9B411A1F57D745007EB5DF /* ViewController.swift in Sources */,
				AB9B414A1F57D89D007EB5DF /* LoginVC.swift in Sources */,
				AB1E98171F61000C00507940 /* RegistrationVC.swift in Sources */,
				AB9B41181F57D745007EB5DF /* AppDelegate.swift in Sources */,
				AB1E98191F6101E400507940 /* Login.swift in Sources */,
				AB1E98211F62665200507940 /* ChatWindowVC.swift in Sources */,
			);
			runOnlyForDeploymentPostprocessing = 0;
		};
		AB9B41241F57D745007EB5DF /* Sources */ = {
			isa = PBXSourcesBuildPhase;
			buildActionMask = 2147483647;
			files = (
				AB9B412D1F57D745007EB5DF /* ChatAppTests.swift in Sources */,
			);
			runOnlyForDeploymentPostprocessing = 0;
		};
		AB9B412F1F57D745007EB5DF /* Sources */ = {
			isa = PBXSourcesBuildPhase;
			buildActionMask = 2147483647;
			files = (
				AB9B41381F57D745007EB5DF /* ChatAppUITests.swift in Sources */,
			);
			runOnlyForDeploymentPostprocessing = 0;
		};
/* End PBXSourcesBuildPhase section */

/* Begin PBXTargetDependency section */
		AB9B412A1F57D745007EB5DF /* PBXTargetDependency */ = {
			isa = PBXTargetDependency;
			target = AB9B41131F57D745007EB5DF /* ChatApp */;
			targetProxy = AB9B41291F57D745007EB5DF /* PBXContainerItemProxy */;
		};
		AB9B41351F57D745007EB5DF /* PBXTargetDependency */ = {
			isa = PBXTargetDependency;
			target = AB9B41131F57D745007EB5DF /* ChatApp */;
			targetProxy = AB9B41341F57D745007EB5DF /* PBXContainerItemProxy */;
		};
/* End PBXTargetDependency section */

/* Begin PBXVariantGroup section */
		AB9B411B1F57D745007EB5DF /* Main.storyboard */ = {
			isa = PBXVariantGroup;
			children = (
				AB9B411C1F57D745007EB5DF /* Base */,
			);
			name = Main.storyboard;
			sourceTree = "<group>";
		};
		AB9B41201F57D745007EB5DF /* LaunchScreen.storyboard */ = {
			isa = PBXVariantGroup;
			children = (
				AB9B41211F57D745007EB5DF /* Base */,
			);
			name = LaunchScreen.storyboard;
			sourceTree = "<group>";
		};
/* End PBXVariantGroup section */

/* Begin XCBuildConfiguration section */
		AB9B413A1F57D745007EB5DF /* Debug */ = {
			isa = XCBuildConfiguration;
			buildSettings = {
				ALWAYS_SEARCH_USER_PATHS = NO;
				CLANG_ANALYZER_NONNULL = YES;
				CLANG_ANALYZER_NUMBER_OBJECT_CONVERSION = YES_AGGRESSIVE;
				CLANG_CXX_LANGUAGE_STANDARD = "gnu++0x";
				CLANG_CXX_LIBRARY = "libc++";
				CLANG_ENABLE_MODULES = YES;
				CLANG_ENABLE_OBJC_ARC = YES;
				CLANG_WARN_BOOL_CONVERSION = YES;
				CLANG_WARN_CONSTANT_CONVERSION = YES;
				CLANG_WARN_DIRECT_OBJC_ISA_USAGE = YES_ERROR;
				CLANG_WARN_DOCUMENTATION_COMMENTS = YES;
				CLANG_WARN_EMPTY_BODY = YES;
				CLANG_WARN_ENUM_CONVERSION = YES;
				CLANG_WARN_INFINITE_RECURSION = YES;
				CLANG_WARN_INT_CONVERSION = YES;
				CLANG_WARN_OBJC_ROOT_CLASS = YES_ERROR;
				CLANG_WARN_SUSPICIOUS_MOVE = YES;
				CLANG_WARN_UNREACHABLE_CODE = YES;
				CLANG_WARN__DUPLICATE_METHOD_MATCH = YES;
				"CODE_SIGN_IDENTITY[sdk=iphoneos*]" = "iPhone Developer";
				COPY_PHASE_STRIP = NO;
				DEBUG_INFORMATION_FORMAT = dwarf;
				ENABLE_STRICT_OBJC_MSGSEND = YES;
				ENABLE_TESTABILITY = YES;
				GCC_C_LANGUAGE_STANDARD = gnu99;
				GCC_DYNAMIC_NO_PIC = NO;
				GCC_NO_COMMON_BLOCKS = YES;
				GCC_OPTIMIZATION_LEVEL = 0;
				GCC_PREPROCESSOR_DEFINITIONS = (
					"DEBUG=1",
					"$(inherited)",
				);
				GCC_WARN_64_TO_32_BIT_CONVERSION = YES;
				GCC_WARN_ABOUT_RETURN_TYPE = YES_ERROR;
				GCC_WARN_UNDECLARED_SELECTOR = YES;
				GCC_WARN_UNINITIALIZED_AUTOS = YES_AGGRESSIVE;
				GCC_WARN_UNUSED_FUNCTION = YES;
				GCC_WARN_UNUSED_VARIABLE = YES;
				IPHONEOS_DEPLOYMENT_TARGET = 10.3;
				MTL_ENABLE_DEBUG_INFO = YES;
				ONLY_ACTIVE_ARCH = YES;
				SDKROOT = iphoneos;
				SWIFT_ACTIVE_COMPILATION_CONDITIONS = DEBUG;
				SWIFT_OPTIMIZATION_LEVEL = "-Onone";
				TARGETED_DEVICE_FAMILY = "1,2";
			};
			name = Debug;
		};
		AB9B413B1F57D745007EB5DF /* Release */ = {
			isa = XCBuildConfiguration;
			buildSettings = {
				ALWAYS_SEARCH_USER_PATHS = NO;
				CLANG_ANALYZER_NONNULL = YES;
				CLANG_ANALYZER_NUMBER_OBJECT_CONVERSION = YES_AGGRESSIVE;
				CLANG_CXX_LANGUAGE_STANDARD = "gnu++0x";
				CLANG_CXX_LIBRARY = "libc++";
				CLANG_ENABLE_MODULES = YES;
				CLANG_ENABLE_OBJC_ARC = YES;
				CLANG_WARN_BOOL_CONVERSION = YES;
				CLANG_WARN_CONSTANT_CONVERSION = YES;
				CLANG_WARN_DIRECT_OBJC_ISA_USAGE = YES_ERROR;
				CLANG_WARN_DOCUMENTATION_COMMENTS = YES;
				CLANG_WARN_EMPTY_BODY = YES;
				CLANG_WARN_ENUM_CONVERSION = YES;
				CLANG_WARN_INFINITE_RECURSION = YES;
				CLANG_WARN_INT_CONVERSION = YES;
				CLANG_WARN_OBJC_ROOT_CLASS = YES_ERROR;
				CLANG_WARN_SUSPICIOUS_MOVE = YES;
				CLANG_WARN_UNREACHABLE_CODE = YES;
				CLANG_WARN__DUPLICATE_METHOD_MATCH = YES;
				"CODE_SIGN_IDENTITY[sdk=iphoneos*]" = "iPhone Developer";
				COPY_PHASE_STRIP = NO;
				DEBUG_INFORMATION_FORMAT = "dwarf-with-dsym";
				ENABLE_NS_ASSERTIONS = NO;
				ENABLE_STRICT_OBJC_MSGSEND = YES;
				GCC_C_LANGUAGE_STANDARD = gnu99;
				GCC_NO_COMMON_BLOCKS = YES;
				GCC_WARN_64_TO_32_BIT_CONVERSION = YES;
				GCC_WARN_ABOUT_RETURN_TYPE = YES_ERROR;
				GCC_WARN_UNDECLARED_SELECTOR = YES;
				GCC_WARN_UNINITIALIZED_AUTOS = YES_AGGRESSIVE;
				GCC_WARN_UNUSED_FUNCTION = YES;
				GCC_WARN_UNUSED_VARIABLE = YES;
				IPHONEOS_DEPLOYMENT_TARGET = 10.3;
				MTL_ENABLE_DEBUG_INFO = NO;
				SDKROOT = iphoneos;
				SWIFT_OPTIMIZATION_LEVEL = "-Owholemodule";
				TARGETED_DEVICE_FAMILY = "1,2";
				VALIDATE_PRODUCT = YES;
			};
			name = Release;
		};
		AB9B413D1F57D745007EB5DF /* Debug */ = {
			isa = XCBuildConfiguration;
			baseConfigurationReference = BE0637543B97A640F6EA4D28 /* Pods-ChatApp.debug.xcconfig */;
			buildSettings = {
				ASSETCATALOG_COMPILER_APPICON_NAME = AppIcon;
				INFOPLIST_FILE = ChatApp/Info.plist;
				LD_RUNPATH_SEARCH_PATHS = "$(inherited) @executable_path/Frameworks";
				PRODUCT_BUNDLE_IDENTIFIER = Apple.ChatApp;
				PRODUCT_NAME = "$(TARGET_NAME)";
				SWIFT_VERSION = 3.0;
			};
			name = Debug;
		};
		AB9B413E1F57D745007EB5DF /* Release */ = {
			isa = XCBuildConfiguration;
			baseConfigurationReference = 99452CF01D6B7B5BE19DB46C /* Pods-ChatApp.release.xcconfig */;
			buildSettings = {
				ASSETCATALOG_COMPILER_APPICON_NAME = AppIcon;
				INFOPLIST_FILE = ChatApp/Info.plist;
				LD_RUNPATH_SEARCH_PATHS = "$(inherited) @executable_path/Frameworks";
				PRODUCT_BUNDLE_IDENTIFIER = Apple.ChatApp;
				PRODUCT_NAME = "$(TARGET_NAME)";
				SWIFT_VERSION = 3.0;
			};
			name = Release;
		};
		AB9B41401F57D745007EB5DF /* Debug */ = {
			isa = XCBuildConfiguration;
			baseConfigurationReference = FAF6194D35558EFBCACD9875 /* Pods-ChatAppTests.debug.xcconfig */;
			buildSettings = {
				ALWAYS_EMBED_SWIFT_STANDARD_LIBRARIES = YES;
				BUNDLE_LOADER = "$(TEST_HOST)";
				INFOPLIST_FILE = ChatAppTests/Info.plist;
				LD_RUNPATH_SEARCH_PATHS = "$(inherited) @executable_path/Frameworks @loader_path/Frameworks";
				PRODUCT_BUNDLE_IDENTIFIER = Apple.ChatAppTests;
				PRODUCT_NAME = "$(TARGET_NAME)";
				SWIFT_VERSION = 3.0;
				TEST_HOST = "$(BUILT_PRODUCTS_DIR)/ChatApp.app/ChatApp";
			};
			name = Debug;
		};
		AB9B41411F57D745007EB5DF /* Release */ = {
			isa = XCBuildConfiguration;
			baseConfigurationReference = 37CBF27B982E77FB8F823F56 /* Pods-ChatAppTests.release.xcconfig */;
			buildSettings = {
				ALWAYS_EMBED_SWIFT_STANDARD_LIBRARIES = YES;
				BUNDLE_LOADER = "$(TEST_HOST)";
				INFOPLIST_FILE = ChatAppTests/Info.plist;
				LD_RUNPATH_SEARCH_PATHS = "$(inherited) @executable_path/Frameworks @loader_path/Frameworks";
				PRODUCT_BUNDLE_IDENTIFIER = Apple.ChatAppTests;
				PRODUCT_NAME = "$(TARGET_NAME)";
				SWIFT_VERSION = 3.0;
				TEST_HOST = "$(BUILT_PRODUCTS_DIR)/ChatApp.app/ChatApp";
			};
			name = Release;
		};
		AB9B41431F57D745007EB5DF /* Debug */ = {
			isa = XCBuildConfiguration;
			baseConfigurationReference = 35B6F2675F9A0A820450D317 /* Pods-ChatAppUITests.debug.xcconfig */;
			buildSettings = {
				ALWAYS_EMBED_SWIFT_STANDARD_LIBRARIES = YES;
				INFOPLIST_FILE = ChatAppUITests/Info.plist;
				LD_RUNPATH_SEARCH_PATHS = "$(inherited) @executable_path/Frameworks @loader_path/Frameworks";
				PRODUCT_BUNDLE_IDENTIFIER = Apple.ChatAppUITests;
				PRODUCT_NAME = "$(TARGET_NAME)";
				SWIFT_VERSION = 3.0;
				TEST_TARGET_NAME = ChatApp;
			};
			name = Debug;
		};
		AB9B41441F57D745007EB5DF /* Release */ = {
			isa = XCBuildConfiguration;
			baseConfigurationReference = 9C42BA8A97A047831B545770 /* Pods-ChatAppUITests.release.xcconfig */;
			buildSettings = {
				ALWAYS_EMBED_SWIFT_STANDARD_LIBRARIES = YES;
				INFOPLIST_FILE = ChatAppUITests/Info.plist;
				LD_RUNPATH_SEARCH_PATHS = "$(inherited) @executable_path/Frameworks @loader_path/Frameworks";
				PRODUCT_BUNDLE_IDENTIFIER = Apple.ChatAppUITests;
				PRODUCT_NAME = "$(TARGET_NAME)";
				SWIFT_VERSION = 3.0;
				TEST_TARGET_NAME = ChatApp;
			};
			name = Release;
		};
/* End XCBuildConfiguration section */

/* Begin XCConfigurationList section */
		AB9B410F1F57D745007EB5DF /* Build configuration list for PBXProject "ChatApp" */ = {
			isa = XCConfigurationList;
			buildConfigurations = (
				AB9B413A1F57D745007EB5DF /* Debug */,
				AB9B413B1F57D745007EB5DF /* Release */,
			);
			defaultConfigurationIsVisible = 0;
			defaultConfigurationName = Release;
		};
		AB9B413C1F57D745007EB5DF /* Build configuration list for PBXNativeTarget "ChatApp" */ = {
			isa = XCConfigurationList;
			buildConfigurations = (
				AB9B413D1F57D745007EB5DF /* Debug */,
				AB9B413E1F57D745007EB5DF /* Release */,
			);
			defaultConfigurationIsVisible = 0;
			defaultConfigurationName = Release;
		};
		AB9B413F1F57D745007EB5DF /* Build configuration list for PBXNativeTarget "ChatAppTests" */ = {
			isa = XCConfigurationList;
			buildConfigurations = (
				AB9B41401F57D745007EB5DF /* Debug */,
				AB9B41411F57D745007EB5DF /* Release */,
			);
			defaultConfigurationIsVisible = 0;
			defaultConfigurationName = Release;
		};
		AB9B41421F57D745007EB5DF /* Build configuration list for PBXNativeTarget "ChatAppUITests" */ = {
			isa = XCConfigurationList;
			buildConfigurations = (
				AB9B41431F57D745007EB5DF /* Debug */,
				AB9B41441F57D745007EB5DF /* Release */,
			);
			defaultConfigurationIsVisible = 0;
			defaultConfigurationName = Release;
		};
/* End XCConfigurationList section */
	};
	rootObject = AB9B410C1F57D745007EB5DF /* Project object */;
}
